// !$*UTF8*$!
{
	archiveVersion = 1;
	classes = {
	};
	objectVersion = 50;
	objects = {

/* Begin PBXBuildFile section */
		F80A69B3262C2DE400FAC540 /* List.storyboard in Resources */ = {isa = PBXBuildFile; fileRef = F80A69B2262C2DE400FAC540 /* List.storyboard */; };
		F80A69B6262C2F1400FAC540 /* ListVC.swift in Sources */ = {isa = PBXBuildFile; fileRef = F80A69B5262C2F1400FAC540 /* ListVC.swift */; };
		F8259C5F26248A460061EC8E /* AppDelegate.swift in Sources */ = {isa = PBXBuildFile; fileRef = F8259C5E26248A460061EC8E /* AppDelegate.swift */; };
		F8259C6126248A460061EC8E /* SceneDelegate.swift in Sources */ = {isa = PBXBuildFile; fileRef = F8259C6026248A460061EC8E /* SceneDelegate.swift */; };
		F8259C6326248A460061EC8E /* ViewController.swift in Sources */ = {isa = PBXBuildFile; fileRef = F8259C6226248A460061EC8E /* ViewController.swift */; };
		F8259C6626248A460061EC8E /* Main.storyboard in Resources */ = {isa = PBXBuildFile; fileRef = F8259C6426248A460061EC8E /* Main.storyboard */; };
		F8259C6826248A470061EC8E /* Assets.xcassets in Resources */ = {isa = PBXBuildFile; fileRef = F8259C6726248A470061EC8E /* Assets.xcassets */; };
		F8259C6B26248A470061EC8E /* LaunchScreen.storyboard in Resources */ = {isa = PBXBuildFile; fileRef = F8259C6926248A470061EC8E /* LaunchScreen.storyboard */; };
		F8B6188426296BA2000EB766 /* ScheduleListVC.swift in Sources */ = {isa = PBXBuildFile; fileRef = F8B6188326296BA2000EB766 /* ScheduleListVC.swift */; };
		F8F5D5D52628A8580083DF37 /* CustomCell.swift in Sources */ = {isa = PBXBuildFile; fileRef = F8F5D5D32628A8580083DF37 /* CustomCell.swift */; };
		F8F5D5DB2628B3BC0083DF37 /* AddListViewController.swift in Sources */ = {isa = PBXBuildFile; fileRef = F8F5D5DA2628B3BC0083DF37 /* AddListViewController.swift */; };
/* End PBXBuildFile section */

/* Begin PBXFileReference section */
		F80A69B2262C2DE400FAC540 /* List.storyboard */ = {isa = PBXFileReference; lastKnownFileType = file.storyboard; path = List.storyboard; sourceTree = "<group>"; };
		F80A69B5262C2F1400FAC540 /* ListVC.swift */ = {isa = PBXFileReference; lastKnownFileType = sourcecode.swift; path = ListVC.swift; sourceTree = "<group>"; };
		F8259C5B26248A460061EC8E /* Remider-iOS-ColneCoding.app */ = {isa = PBXFileReference; explicitFileType = wrapper.application; includeInIndex = 0; path = "Remider-iOS-ColneCoding.app"; sourceTree = BUILT_PRODUCTS_DIR; };
		F8259C5E26248A460061EC8E /* AppDelegate.swift */ = {isa = PBXFileReference; lastKnownFileType = sourcecode.swift; path = AppDelegate.swift; sourceTree = "<group>"; };
		F8259C6026248A460061EC8E /* SceneDelegate.swift */ = {isa = PBXFileReference; lastKnownFileType = sourcecode.swift; path = SceneDelegate.swift; sourceTree = "<group>"; };
		F8259C6226248A460061EC8E /* ViewController.swift */ = {isa = PBXFileReference; lastKnownFileType = sourcecode.swift; path = ViewController.swift; sourceTree = "<group>"; };
		F8259C6526248A460061EC8E /* Base */ = {isa = PBXFileReference; lastKnownFileType = file.storyboard; name = Base; path = Base.lproj/Main.storyboard; sourceTree = "<group>"; };
		F8259C6726248A470061EC8E /* Assets.xcassets */ = {isa = PBXFileReference; lastKnownFileType = folder.assetcatalog; path = Assets.xcassets; sourceTree = "<group>"; };
		F8259C6A26248A470061EC8E /* Base */ = {isa = PBXFileReference; lastKnownFileType = file.storyboard; name = Base; path = Base.lproj/LaunchScreen.storyboard; sourceTree = "<group>"; };
		F8259C6C26248A470061EC8E /* Info.plist */ = {isa = PBXFileReference; lastKnownFileType = text.plist.xml; path = Info.plist; sourceTree = "<group>"; };
		F8B6188326296BA2000EB766 /* ScheduleListVC.swift */ = {isa = PBXFileReference; lastKnownFileType = sourcecode.swift; name = ScheduleListVC.swift; path = "Remider-iOS-ColneCoding/Sources/VCs/ScheduleListVC.swift"; sourceTree = SOURCE_ROOT; };
		F8F5D5D32628A8580083DF37 /* CustomCell.swift */ = {isa = PBXFileReference; lastKnownFileType = sourcecode.swift; name = CustomCell.swift; path = "Remider-iOS-ColneCoding/Sources/Cells/CustomCell.swift"; sourceTree = SOURCE_ROOT; };
		F8F5D5DA2628B3BC0083DF37 /* AddListViewController.swift */ = {isa = PBXFileReference; lastKnownFileType = sourcecode.swift; path = AddListViewController.swift; sourceTree = "<group>"; };
/* End PBXFileReference section */

/* Begin PBXFrameworksBuildPhase section */
		F8259C5826248A460061EC8E /* Frameworks */ = {
			isa = PBXFrameworksBuildPhase;
			buildActionMask = 2147483647;
			files = (
			);
			runOnlyForDeploymentPostprocessing = 0;
		};
/* End PBXFrameworksBuildPhase section */

/* Begin PBXGroup section */
		F8259C5226248A460061EC8E = {
			isa = PBXGroup;
			children = (
				F8259C5D26248A460061EC8E /* Remider-iOS-ColneCoding */,
				F8259C5C26248A460061EC8E /* Products */,
			);
			sourceTree = "<group>";
		};
		F8259C5C26248A460061EC8E /* Products */ = {
			isa = PBXGroup;
			children = (
				F8259C5B26248A460061EC8E /* Remider-iOS-ColneCoding.app */,
			);
			name = Products;
			sourceTree = "<group>";
		};
		F8259C5D26248A460061EC8E /* Remider-iOS-ColneCoding */ = {
			isa = PBXGroup;
			children = (
				F8E8DD522625C83D007625A1 /* Resources */,
				F8E8DD4D2625C7DE007625A1 /* Sources */,
				F8259C6C26248A470061EC8E /* Info.plist */,
			);
			path = "Remider-iOS-ColneCoding";
			sourceTree = "<group>";
		};
		F8E8DD4D2625C7DE007625A1 /* Sources */ = {
			isa = PBXGroup;
			children = (
				F8E8DD502625C82C007625A1 /* Classes */,
				F8E8DD4E2625C822007625A1 /* Cells */,
				F8E8DD4F2625C828007625A1 /* Models */,
				F8E8DD512625C830007625A1 /* VCs */,
			);
			path = Sources;
			sourceTree = "<group>";
		};
		F8E8DD4E2625C822007625A1 /* Cells */ = {
			isa = PBXGroup;
			children = (
				F8F5D5D32628A8580083DF37 /* CustomCell.swift */,
			);
			path = Cells;
			sourceTree = "<group>";
		};
		F8E8DD4F2625C828007625A1 /* Models */ = {
			isa = PBXGroup;
			children = (
			);
			path = Models;
			sourceTree = "<group>";
		};
		F8E8DD502625C82C007625A1 /* Classes */ = {
			isa = PBXGroup;
			children = (
			);
			path = Classes;
			sourceTree = "<group>";
		};
		F8E8DD512625C830007625A1 /* VCs */ = {
			isa = PBXGroup;
			children = (
				F8B6188326296BA2000EB766 /* ScheduleListVC.swift */,
				F8259C6226248A460061EC8E /* ViewController.swift */,
				F8F5D5DA2628B3BC0083DF37 /* AddListViewController.swift */,
				F80A69B5262C2F1400FAC540 /* ListVC.swift */,
			);
			path = VCs;
			sourceTree = "<group>";
		};
		F8E8DD522625C83D007625A1 /* Resources */ = {
			isa = PBXGroup;
			children = (
				F8E8DD532625C84B007625A1 /* Stroyboards */,
				F8259C6026248A460061EC8E /* SceneDelegate.swift */,
				F8259C5E26248A460061EC8E /* AppDelegate.swift */,
				F8259C6726248A470061EC8E /* Assets.xcassets */,
			);
			path = Resources;
			sourceTree = "<group>";
		};
		F8E8DD532625C84B007625A1 /* Stroyboards */ = {
			isa = PBXGroup;
			children = (
				F8259C6926248A470061EC8E /* LaunchScreen.storyboard */,
				F8259C6426248A460061EC8E /* Main.storyboard */,
				F80A69B2262C2DE400FAC540 /* List.storyboard */,
			);
			path = Stroyboards;
			sourceTree = "<group>";
		};
/* End PBXGroup section */

/* Begin PBXNativeTarget section */
		F8259C5A26248A460061EC8E /* Remider-iOS-ColneCoding */ = {
			isa = PBXNativeTarget;
			buildConfigurationList = F8259C6F26248A470061EC8E /* Build configuration list for PBXNativeTarget "Remider-iOS-ColneCoding" */;
			buildPhases = (
				F8259C5726248A460061EC8E /* Sources */,
				F8259C5826248A460061EC8E /* Frameworks */,
				F8259C5926248A460061EC8E /* Resources */,
			);
			buildRules = (
			);
			dependencies = (
			);
			name = "Remider-iOS-ColneCoding";
			productName = "Remider-iOS-ColneCoding";
			productReference = F8259C5B26248A460061EC8E /* Remider-iOS-ColneCoding.app */;
			productType = "com.apple.product-type.application";
		};
/* End PBXNativeTarget section */

/* Begin PBXProject section */
		F8259C5326248A460061EC8E /* Project object */ = {
			isa = PBXProject;
			attributes = {
				LastSwiftUpdateCheck = 1240;
				LastUpgradeCheck = 1240;
				TargetAttributes = {
					F8259C5A26248A460061EC8E = {
						CreatedOnToolsVersion = 12.4;
					};
				};
			};
			buildConfigurationList = F8259C5626248A460061EC8E /* Build configuration list for PBXProject "Remider-iOS-ColneCoding" */;
			compatibilityVersion = "Xcode 9.3";
			developmentRegion = en;
			hasScannedForEncodings = 0;
			knownRegions = (
				en,
				Base,
			);
			mainGroup = F8259C5226248A460061EC8E;
			productRefGroup = F8259C5C26248A460061EC8E /* Products */;
			projectDirPath = "";
			projectRoot = "";
			targets = (
				F8259C5A26248A460061EC8E /* Remider-iOS-ColneCoding */,
			);
		};
/* End PBXProject section */

/* Begin PBXResourcesBuildPhase section */
		F8259C5926248A460061EC8E /* Resources */ = {
			isa = PBXResourcesBuildPhase;
			buildActionMask = 2147483647;
			files = (
				F8259C6B26248A470061EC8E /* LaunchScreen.storyboard in Resources */,
				F80A69B3262C2DE400FAC540 /* List.storyboard in Resources */,
				F8259C6826248A470061EC8E /* Assets.xcassets in Resources */,
				F8259C6626248A460061EC8E /* Main.storyboard in Resources */,
			);
			runOnlyForDeploymentPostprocessing = 0;
		};
/* End PBXResourcesBuildPhase section */

/* Begin PBXSourcesBuildPhase section */
		F8259C5726248A460061EC8E /* Sources */ = {
			isa = PBXSourcesBuildPhase;
			buildActionMask = 2147483647;
			files = (
				F80A69B6262C2F1400FAC540 /* ListVC.swift in Sources */,
				F8259C6326248A460061EC8E /* ViewController.swift in Sources */,
				F8F5D5DB2628B3BC0083DF37 /* AddListViewController.swift in Sources */,
				F8259C5F26248A460061EC8E /* AppDelegate.swift in Sources */,
				F8B6188426296BA2000EB766 /* ScheduleListVC.swift in Sources */,
				F8F5D5D52628A8580083DF37 /* CustomCell.swift in Sources */,
				F8259C6126248A460061EC8E /* SceneDelegate.swift in Sources */,
			);
			runOnlyForDeploymentPostprocessing = 0;
		};
/* End PBXSourcesBuildPhase section */

/* Begin PBXVariantGroup section */
		F8259C6426248A460061EC8E /* Main.storyboard */ = {
			isa = PBXVariantGroup;
			children = (
				F8259C6526248A460061EC8E /* Base */,
			);
			name = Main.storyboard;
			sourceTree = "<group>";
		};
		F8259C6926248A470061EC8E /* LaunchScreen.storyboard */ = {
			isa = PBXVariantGroup;
			children = (
				F8259C6A26248A470061EC8E /* Base */,
			);
			name = LaunchScreen.storyboard;
			sourceTree = "<group>";
		};
/* End PBXVariantGroup section */

/* Begin XCBuildConfiguration section */
		F8259C6D26248A470061EC8E /* Debug */ = {
			isa = XCBuildConfiguration;
			buildSettings = {
				ALWAYS_SEARCH_USER_PATHS = NO;
				CLANG_ANALYZER_NONNULL = YES;
				CLANG_ANALYZER_NUMBER_OBJECT_CONVERSION = YES_AGGRESSIVE;
				CLANG_CXX_LANGUAGE_STANDARD = "gnu++14";
				CLANG_CXX_LIBRARY = "libc++";
				CLANG_ENABLE_MODULES = YES;
				CLANG_ENABLE_OBJC_ARC = YES;
				CLANG_ENABLE_OBJC_WEAK = YES;
				CLANG_WARN_BLOCK_CAPTURE_AUTORELEASING = YES;
				CLANG_WARN_BOOL_CONVERSION = YES;
				CLANG_WARN_COMMA = YES;
				CLANG_WARN_CONSTANT_CONVERSION = YES;
				CLANG_WARN_DEPRECATED_OBJC_IMPLEMENTATIONS = YES;
				CLANG_WARN_DIRECT_OBJC_ISA_USAGE = YES_ERROR;
				CLANG_WARN_DOCUMENTATION_COMMENTS = YES;
				CLANG_WARN_EMPTY_BODY = YES;
				CLANG_WARN_ENUM_CONVERSION = YES;
				CLANG_WARN_INFINITE_RECURSION = YES;
				CLANG_WARN_INT_CONVERSION = YES;
				CLANG_WARN_NON_LITERAL_NULL_CONVERSION = YES;
				CLANG_WARN_OBJC_IMPLICIT_RETAIN_SELF = YES;
				CLANG_WARN_OBJC_LITERAL_CONVERSION = YES;
				CLANG_WARN_OBJC_ROOT_CLASS = YES_ERROR;
				CLANG_WARN_QUOTED_INCLUDE_IN_FRAMEWORK_HEADER = YES;
				CLANG_WARN_RANGE_LOOP_ANALYSIS = YES;
				CLANG_WARN_STRICT_PROTOTYPES = YES;
				CLANG_WARN_SUSPICIOUS_MOVE = YES;
				CLANG_WARN_UNGUARDED_AVAILABILITY = YES_AGGRESSIVE;
				CLANG_WARN_UNREACHABLE_CODE = YES;
				CLANG_WARN__DUPLICATE_METHOD_MATCH = YES;
				COPY_PHASE_STRIP = NO;
				DEBUG_INFORMATION_FORMAT = dwarf;
				ENABLE_STRICT_OBJC_MSGSEND = YES;
				ENABLE_TESTABILITY = YES;
				GCC_C_LANGUAGE_STANDARD = gnu11;
				GCC_DYNAMIC_NO_PIC = NO;
				GCC_NO_COMMON_BLOCKS = YES;
				GCC_OPTIMIZATION_LEVEL = 0;
				GCC_PREPROCESSOR_DEFINITIONS = (
					"DEBUG=1",
					"$(inherited)",
				);
				GCC_WARN_64_TO_32_BIT_CONVERSION = YES;
				GCC_WARN_ABOUT_RETURN_TYPE = YES_ERROR;
				GCC_WARN_UNDECLARED_SELECTOR = YES;
				GCC_WARN_UNINITIALIZED_AUTOS = YES_AGGRESSIVE;
				GCC_WARN_UNUSED_FUNCTION = YES;
				GCC_WARN_UNUSED_VARIABLE = YES;
				IPHONEOS_DEPLOYMENT_TARGET = 14.4;
				MTL_ENABLE_DEBUG_INFO = INCLUDE_SOURCE;
				MTL_FAST_MATH = YES;
				ONLY_ACTIVE_ARCH = YES;
				SDKROOT = iphoneos;
				SWIFT_ACTIVE_COMPILATION_CONDITIONS = DEBUG;
				SWIFT_OPTIMIZATION_LEVEL = "-Onone";
			};
			name = Debug;
		};
		F8259C6E26248A470061EC8E /* Release */ = {
			isa = XCBuildConfiguration;
			buildSettings = {
				ALWAYS_SEARCH_USER_PATHS = NO;
				CLANG_ANALYZER_NONNULL = YES;
				CLANG_ANALYZER_NUMBER_OBJECT_CONVERSION = YES_AGGRESSIVE;
				CLANG_CXX_LANGUAGE_STANDARD = "gnu++14";
				CLANG_CXX_LIBRARY = "libc++";
				CLANG_ENABLE_MODULES = YES;
				CLANG_ENABLE_OBJC_ARC = YES;
				CLANG_ENABLE_OBJC_WEAK = YES;
				CLANG_WARN_BLOCK_CAPTURE_AUTORELEASING = YES;
				CLANG_WARN_BOOL_CONVERSION = YES;
				CLANG_WARN_COMMA = YES;
				CLANG_WARN_CONSTANT_CONVERSION = YES;
				CLANG_WARN_DEPRECATED_OBJC_IMPLEMENTATIONS = YES;
				CLANG_WARN_DIRECT_OBJC_ISA_USAGE = YES_ERROR;
				CLANG_WARN_DOCUMENTATION_COMMENTS = YES;
				CLANG_WARN_EMPTY_BODY = YES;
				CLANG_WARN_ENUM_CONVERSION = YES;
				CLANG_WARN_INFINITE_RECURSION = YES;
				CLANG_WARN_INT_CONVERSION = YES;
				CLANG_WARN_NON_LITERAL_NULL_CONVERSION = YES;
				CLANG_WARN_OBJC_IMPLICIT_RETAIN_SELF = YES;
				CLANG_WARN_OBJC_LITERAL_CONVERSION = YES;
				CLANG_WARN_OBJC_ROOT_CLASS = YES_ERROR;
				CLANG_WARN_QUOTED_INCLUDE_IN_FRAMEWORK_HEADER = YES;
				CLANG_WARN_RANGE_LOOP_ANALYSIS = YES;
				CLANG_WARN_STRICT_PROTOTYPES = YES;
				CLANG_WARN_SUSPICIOUS_MOVE = YES;
				CLANG_WARN_UNGUARDED_AVAILABILITY = YES_AGGRESSIVE;
				CLANG_WARN_UNREACHABLE_CODE = YES;
				CLANG_WARN__DUPLICATE_METHOD_MATCH = YES;
				COPY_PHASE_STRIP = NO;
				DEBUG_INFORMATION_FORMAT = "dwarf-with-dsym";
				ENABLE_NS_ASSERTIONS = NO;
				ENABLE_STRICT_OBJC_MSGSEND = YES;
				GCC_C_LANGUAGE_STANDARD = gnu11;
				GCC_NO_COMMON_BLOCKS = YES;
				GCC_WARN_64_TO_32_BIT_CONVERSION = YES;
				GCC_WARN_ABOUT_RETURN_TYPE = YES_ERROR;
				GCC_WARN_UNDECLARED_SELECTOR = YES;
				GCC_WARN_UNINITIALIZED_AUTOS = YES_AGGRESSIVE;
				GCC_WARN_UNUSED_FUNCTION = YES;
				GCC_WARN_UNUSED_VARIABLE = YES;
				IPHONEOS_DEPLOYMENT_TARGET = 14.4;
				MTL_ENABLE_DEBUG_INFO = NO;
				MTL_FAST_MATH = YES;
				SDKROOT = iphoneos;
				SWIFT_COMPILATION_MODE = wholemodule;
				SWIFT_OPTIMIZATION_LEVEL = "-O";
				VALIDATE_PRODUCT = YES;
			};
			name = Release;
		};
		F8259C7026248A470061EC8E /* Debug */ = {
			isa = XCBuildConfiguration;
			buildSettings = {
				ASSETCATALOG_COMPILER_APPICON_NAME = AppIcon;
				ASSETCATALOG_COMPILER_GLOBAL_ACCENT_COLOR_NAME = AccentColor;
				CODE_SIGN_STYLE = Automatic;
				DEVELOPMENT_TEAM = T8C9SSEX5G;
				INFOPLIST_FILE = "Remider-iOS-ColneCoding/Info.plist";
				LD_RUNPATH_SEARCH_PATHS = (
					"$(inherited)",
					"@executable_path/Frameworks",
				);
				PRODUCT_BUNDLE_IDENTIFIER = "hyun99999.Remider-iOS-ColneCoding";
				PRODUCT_NAME = "$(TARGET_NAME)";
				SWIFT_VERSION = 5.0;
				TARGETED_DEVICE_FAMILY = 1;
			};
			name = Debug;
		};
		F8259C7126248A470061EC8E /* Release */ = {
			isa = XCBuildConfiguration;
			buildSettings = {
				ASSETCATALOG_COMPILER_APPICON_NAME = AppIcon;
				ASSETCATALOG_COMPILER_GLOBAL_ACCENT_COLOR_NAME = AccentColor;
				CODE_SIGN_STYLE = Automatic;
				DEVELOPMENT_TEAM = T8C9SSEX5G;
				INFOPLIST_FILE = "Remider-iOS-ColneCoding/Info.plist";
				LD_RUNPATH_SEARCH_PATHS = (
					"$(inherited)",
					"@executable_path/Frameworks",
				);
				PRODUCT_BUNDLE_IDENTIFIER = "hyun99999.Remider-iOS-ColneCoding";
				PRODUCT_NAME = "$(TARGET_NAME)";
				SWIFT_VERSION = 5.0;
				TARGETED_DEVICE_FAMILY = 1;
			};
			name = Release;
		};
/* End XCBuildConfiguration section */

/* Begin XCConfigurationList section */
		F8259C5626248A460061EC8E /* Build configuration list for PBXProject "Remider-iOS-ColneCoding" */ = {
			isa = XCConfigurationList;
			buildConfigurations = (
				F8259C6D26248A470061EC8E /* Debug */,
				F8259C6E26248A470061EC8E /* Release */,
			);
			defaultConfigurationIsVisible = 0;
			defaultConfigurationName = Release;
		};
		F8259C6F26248A470061EC8E /* Build configuration list for PBXNativeTarget "Remider-iOS-ColneCoding" */ = {
			isa = XCConfigurationList;
			buildConfigurations = (
				F8259C7026248A470061EC8E /* Debug */,
				F8259C7126248A470061EC8E /* Release */,
			);
			defaultConfigurationIsVisible = 0;
			defaultConfigurationName = Release;
		};
/* End XCConfigurationList section */
	};
	rootObject = F8259C5326248A460061EC8E /* Project object */;
}
