// !$*UTF8*$!
{
	archiveVersion = 1;
	classes = {
	};
	objectVersion = 51;
	objects = {

/* Begin PBXBuildFile section */
		127F5C64B1D80282E2E0E150 /* Pods_PenCake_iOS_CloneCoding.framework in Frameworks */ = {isa = PBXBuildFile; fileRef = E4A51BA0607C960AF9C16281 /* Pods_PenCake_iOS_CloneCoding.framework */; };
		F83CF2A7266A0381004538F0 /* AddStoryTitleModal.storyboard in Resources */ = {isa = PBXBuildFile; fileRef = F83CF2A6266A0381004538F0 /* AddStoryTitleModal.storyboard */; };
		F83CF2A9266A0394004538F0 /* AddStoryTitleVC.swift in Sources */ = {isa = PBXBuildFile; fileRef = F83CF2A8266A0394004538F0 /* AddStoryTitleVC.swift */; };
		F83CF2AB266A0729004538F0 /* AddStorySubtitleVC.swift in Sources */ = {isa = PBXBuildFile; fileRef = F83CF2AA266A0729004538F0 /* AddStorySubtitleVC.swift */; };
		F83CF2AD266A0797004538F0 /* AddStorySubtitleModal.storyboard in Resources */ = {isa = PBXBuildFile; fileRef = F83CF2AC266A0797004538F0 /* AddStorySubtitleModal.storyboard */; };
		F8584EBE26660CAA00DB690C /* MainPageVC.swift in Sources */ = {isa = PBXBuildFile; fileRef = F8584EBD26660CAA00DB690C /* MainPageVC.swift */; };
		F8584EC026660D3100DB690C /* AddVC.swift in Sources */ = {isa = PBXBuildFile; fileRef = F8584EBF26660D3100DB690C /* AddVC.swift */; };
		F8584EC2266691A000DB690C /* UIViewController+makeAlert.swift in Sources */ = {isa = PBXBuildFile; fileRef = F8584EC1266691A000DB690C /* UIViewController+makeAlert.swift */; };
		F8584ECD2667203B00DB690C /* NanumMyeongjo-ExtraBold.ttf in Resources */ = {isa = PBXBuildFile; fileRef = F8584ECA2667203A00DB690C /* NanumMyeongjo-ExtraBold.ttf */; };
		F8584ECE2667203B00DB690C /* NanumMyeongjo-Bold.ttf in Resources */ = {isa = PBXBuildFile; fileRef = F8584ECB2667203B00DB690C /* NanumMyeongjo-Bold.ttf */; };
		F8584ED5266724AB00DB690C /* UIFont.swift in Sources */ = {isa = PBXBuildFile; fileRef = F8584ED4266724AB00DB690C /* UIFont.swift */; };
		F8584ED7266725C800DB690C /* NanumMyeongjo-Regular.ttf in Resources */ = {isa = PBXBuildFile; fileRef = F8584ED6266725C800DB690C /* NanumMyeongjo-Regular.ttf */; };
		F8584EDA26677A1C00DB690C /* SetStoryTitleModal.storyboard in Resources */ = {isa = PBXBuildFile; fileRef = F8584ED926677A1C00DB690C /* SetStoryTitleModal.storyboard */; };
		F8584EDC26677B1400DB690C /* SetStoryTitleModalVC.swift in Sources */ = {isa = PBXBuildFile; fileRef = F8584EDB26677B1300DB690C /* SetStoryTitleModalVC.swift */; };
		F885B000266FA5E100118B1B /* List.swift in Sources */ = {isa = PBXBuildFile; fileRef = F885AFFF266FA5E100118B1B /* List.swift */; };
		F88B5E2B265F634F002F1A90 /* Model.xcdatamodeld in Sources */ = {isa = PBXBuildFile; fileRef = F88B5E29265F634F002F1A90 /* Model.xcdatamodeld */; };
		F8ABFFD326635C6100237666 /* PersistenceManager.swift in Sources */ = {isa = PBXBuildFile; fileRef = F8ABFFD226635C6100237666 /* PersistenceManager.swift */; };
		F8ABFFD826638EA100237666 /* StoryTVC.swift in Sources */ = {isa = PBXBuildFile; fileRef = F8ABFFD626638EA100237666 /* StoryTVC.swift */; };
		F8ABFFD926638EA100237666 /* StoryTVC.xib in Resources */ = {isa = PBXBuildFile; fileRef = F8ABFFD726638EA100237666 /* StoryTVC.xib */; };
		F8ABFFDB2663925400237666 /* SetStoryModal.storyboard in Resources */ = {isa = PBXBuildFile; fileRef = F8ABFFDA2663925400237666 /* SetStoryModal.storyboard */; };
		F8ABFFDD2663927600237666 /* SetStoryModalVC.swift in Sources */ = {isa = PBXBuildFile; fileRef = F8ABFFDC2663927600237666 /* SetStoryModalVC.swift */; };
		F8ABFFDF2663B55000237666 /* StoryCellDetailVC.swift in Sources */ = {isa = PBXBuildFile; fileRef = F8ABFFDE2663B55000237666 /* StoryCellDetailVC.swift */; };
		F8ABFFE12663B56400237666 /* StoryCellDetail.storyboard in Resources */ = {isa = PBXBuildFile; fileRef = F8ABFFE02663B56400237666 /* StoryCellDetail.storyboard */; };
		F8BD26BB265EAECF00E6AD2F /* AppDelegate.swift in Sources */ = {isa = PBXBuildFile; fileRef = F8BD26BA265EAECF00E6AD2F /* AppDelegate.swift */; };
		F8BD26BD265EAECF00E6AD2F /* SceneDelegate.swift in Sources */ = {isa = PBXBuildFile; fileRef = F8BD26BC265EAECF00E6AD2F /* SceneDelegate.swift */; };
		F8BD26BF265EAECF00E6AD2F /* MainViewController.swift in Sources */ = {isa = PBXBuildFile; fileRef = F8BD26BE265EAECF00E6AD2F /* MainViewController.swift */; };
		F8BD26C2265EAECF00E6AD2F /* Main.storyboard in Resources */ = {isa = PBXBuildFile; fileRef = F8BD26C0265EAECF00E6AD2F /* Main.storyboard */; };
		F8BD26C4265EAED000E6AD2F /* Assets.xcassets in Resources */ = {isa = PBXBuildFile; fileRef = F8BD26C3265EAED000E6AD2F /* Assets.xcassets */; };
		F8BD26C7265EAED000E6AD2F /* LaunchScreen.storyboard in Resources */ = {isa = PBXBuildFile; fileRef = F8BD26C5265EAED000E6AD2F /* LaunchScreen.storyboard */; };
		F8BD26DA265EBB6D00E6AD2F /* Story.swift in Sources */ = {isa = PBXBuildFile; fileRef = F8BD26D9265EBB6D00E6AD2F /* Story.swift */; };
/* End PBXBuildFile section */

/* Begin PBXFileReference section */
		3300109E04CE394234F89AF1 /* Pods-PenCake-iOS-CloneCoding.debug.xcconfig */ = {isa = PBXFileReference; includeInIndex = 1; lastKnownFileType = text.xcconfig; name = "Pods-PenCake-iOS-CloneCoding.debug.xcconfig"; path = "Target Support Files/Pods-PenCake-iOS-CloneCoding/Pods-PenCake-iOS-CloneCoding.debug.xcconfig"; sourceTree = "<group>"; };
		3B3954835DB2E121942F9598 /* Pods-PenCake-iOS-CloneCoding.release.xcconfig */ = {isa = PBXFileReference; includeInIndex = 1; lastKnownFileType = text.xcconfig; name = "Pods-PenCake-iOS-CloneCoding.release.xcconfig"; path = "Target Support Files/Pods-PenCake-iOS-CloneCoding/Pods-PenCake-iOS-CloneCoding.release.xcconfig"; sourceTree = "<group>"; };
		E4A51BA0607C960AF9C16281 /* Pods_PenCake_iOS_CloneCoding.framework */ = {isa = PBXFileReference; explicitFileType = wrapper.framework; includeInIndex = 0; path = Pods_PenCake_iOS_CloneCoding.framework; sourceTree = BUILT_PRODUCTS_DIR; };
		F83CF2A6266A0381004538F0 /* AddStoryTitleModal.storyboard */ = {isa = PBXFileReference; lastKnownFileType = file.storyboard; path = AddStoryTitleModal.storyboard; sourceTree = "<group>"; };
		F83CF2A8266A0394004538F0 /* AddStoryTitleVC.swift */ = {isa = PBXFileReference; lastKnownFileType = sourcecode.swift; path = AddStoryTitleVC.swift; sourceTree = "<group>"; };
		F83CF2AA266A0729004538F0 /* AddStorySubtitleVC.swift */ = {isa = PBXFileReference; lastKnownFileType = sourcecode.swift; path = AddStorySubtitleVC.swift; sourceTree = "<group>"; };
		F83CF2AC266A0797004538F0 /* AddStorySubtitleModal.storyboard */ = {isa = PBXFileReference; lastKnownFileType = file.storyboard; path = AddStorySubtitleModal.storyboard; sourceTree = "<group>"; };
		F8584EBD26660CAA00DB690C /* MainPageVC.swift */ = {isa = PBXFileReference; lastKnownFileType = sourcecode.swift; path = MainPageVC.swift; sourceTree = "<group>"; };
		F8584EBF26660D3100DB690C /* AddVC.swift */ = {isa = PBXFileReference; lastKnownFileType = sourcecode.swift; path = AddVC.swift; sourceTree = "<group>"; };
		F8584EC1266691A000DB690C /* UIViewController+makeAlert.swift */ = {isa = PBXFileReference; lastKnownFileType = sourcecode.swift; path = "UIViewController+makeAlert.swift"; sourceTree = "<group>"; };
		F8584ECA2667203A00DB690C /* NanumMyeongjo-ExtraBold.ttf */ = {isa = PBXFileReference; lastKnownFileType = file; path = "NanumMyeongjo-ExtraBold.ttf"; sourceTree = "<group>"; };
		F8584ECB2667203B00DB690C /* NanumMyeongjo-Bold.ttf */ = {isa = PBXFileReference; lastKnownFileType = file; path = "NanumMyeongjo-Bold.ttf"; sourceTree = "<group>"; };
		F8584ED4266724AB00DB690C /* UIFont.swift */ = {isa = PBXFileReference; lastKnownFileType = sourcecode.swift; path = UIFont.swift; sourceTree = "<group>"; };
		F8584ED6266725C800DB690C /* NanumMyeongjo-Regular.ttf */ = {isa = PBXFileReference; lastKnownFileType = file; path = "NanumMyeongjo-Regular.ttf"; sourceTree = "<group>"; };
		F8584ED926677A1C00DB690C /* SetStoryTitleModal.storyboard */ = {isa = PBXFileReference; lastKnownFileType = file.storyboard; path = SetStoryTitleModal.storyboard; sourceTree = "<group>"; };
		F8584EDB26677B1300DB690C /* SetStoryTitleModalVC.swift */ = {isa = PBXFileReference; lastKnownFileType = sourcecode.swift; path = SetStoryTitleModalVC.swift; sourceTree = "<group>"; };
		F885AFFF266FA5E100118B1B /* List.swift */ = {isa = PBXFileReference; lastKnownFileType = sourcecode.swift; path = List.swift; sourceTree = "<group>"; };
		F88B5E2A265F634F002F1A90 /* Model.xcdatamodel */ = {isa = PBXFileReference; lastKnownFileType = wrapper.xcdatamodel; path = Model.xcdatamodel; sourceTree = "<group>"; };
		F8ABFFD226635C6100237666 /* PersistenceManager.swift */ = {isa = PBXFileReference; lastKnownFileType = sourcecode.swift; path = PersistenceManager.swift; sourceTree = "<group>"; };
		F8ABFFD626638EA100237666 /* StoryTVC.swift */ = {isa = PBXFileReference; lastKnownFileType = sourcecode.swift; path = StoryTVC.swift; sourceTree = "<group>"; };
		F8ABFFD726638EA100237666 /* StoryTVC.xib */ = {isa = PBXFileReference; lastKnownFileType = file.xib; path = StoryTVC.xib; sourceTree = "<group>"; };
		F8ABFFDA2663925400237666 /* SetStoryModal.storyboard */ = {isa = PBXFileReference; lastKnownFileType = file.storyboard; path = SetStoryModal.storyboard; sourceTree = "<group>"; };
		F8ABFFDC2663927600237666 /* SetStoryModalVC.swift */ = {isa = PBXFileReference; lastKnownFileType = sourcecode.swift; path = SetStoryModalVC.swift; sourceTree = "<group>"; };
		F8ABFFDE2663B55000237666 /* StoryCellDetailVC.swift */ = {isa = PBXFileReference; lastKnownFileType = sourcecode.swift; path = StoryCellDetailVC.swift; sourceTree = "<group>"; };
		F8ABFFE02663B56400237666 /* StoryCellDetail.storyboard */ = {isa = PBXFileReference; lastKnownFileType = file.storyboard; path = StoryCellDetail.storyboard; sourceTree = "<group>"; };
		F8BD26B7265EAECF00E6AD2F /* PenCake-iOS-CloneCoding.app */ = {isa = PBXFileReference; explicitFileType = wrapper.application; includeInIndex = 0; path = "PenCake-iOS-CloneCoding.app"; sourceTree = BUILT_PRODUCTS_DIR; };
		F8BD26BA265EAECF00E6AD2F /* AppDelegate.swift */ = {isa = PBXFileReference; lastKnownFileType = sourcecode.swift; path = AppDelegate.swift; sourceTree = "<group>"; };
		F8BD26BC265EAECF00E6AD2F /* SceneDelegate.swift */ = {isa = PBXFileReference; lastKnownFileType = sourcecode.swift; path = SceneDelegate.swift; sourceTree = "<group>"; };
		F8BD26BE265EAECF00E6AD2F /* MainViewController.swift */ = {isa = PBXFileReference; lastKnownFileType = sourcecode.swift; path = MainViewController.swift; sourceTree = "<group>"; };
		F8BD26C1265EAECF00E6AD2F /* Base */ = {isa = PBXFileReference; lastKnownFileType = file.storyboard; name = Base; path = Base.lproj/Main.storyboard; sourceTree = "<group>"; };
		F8BD26C3265EAED000E6AD2F /* Assets.xcassets */ = {isa = PBXFileReference; lastKnownFileType = folder.assetcatalog; path = Assets.xcassets; sourceTree = "<group>"; };
		F8BD26C6265EAED000E6AD2F /* Base */ = {isa = PBXFileReference; lastKnownFileType = file.storyboard; name = Base; path = Base.lproj/LaunchScreen.storyboard; sourceTree = "<group>"; };
		F8BD26C8265EAED000E6AD2F /* Info.plist */ = {isa = PBXFileReference; lastKnownFileType = text.plist.xml; path = Info.plist; sourceTree = "<group>"; };
		F8BD26D9265EBB6D00E6AD2F /* Story.swift */ = {isa = PBXFileReference; lastKnownFileType = sourcecode.swift; path = Story.swift; sourceTree = "<group>"; };
/* End PBXFileReference section */

/* Begin PBXFrameworksBuildPhase section */
		F8BD26B4265EAECF00E6AD2F /* Frameworks */ = {
			isa = PBXFrameworksBuildPhase;
			buildActionMask = 2147483647;
			files = (
				127F5C64B1D80282E2E0E150 /* Pods_PenCake_iOS_CloneCoding.framework in Frameworks */,
			);
			runOnlyForDeploymentPostprocessing = 0;
		};
/* End PBXFrameworksBuildPhase section */

/* Begin PBXGroup section */
		4AAAFF64F534C884F8006F06 /* Frameworks */ = {
			isa = PBXGroup;
			children = (
				E4A51BA0607C960AF9C16281 /* Pods_PenCake_iOS_CloneCoding.framework */,
			);
			name = Frameworks;
			sourceTree = "<group>";
		};
		E2230BB4F32F74AACB8035FE /* Pods */ = {
			isa = PBXGroup;
			children = (
				3300109E04CE394234F89AF1 /* Pods-PenCake-iOS-CloneCoding.debug.xcconfig */,
				3B3954835DB2E121942F9598 /* Pods-PenCake-iOS-CloneCoding.release.xcconfig */,
			);
			path = Pods;
			sourceTree = "<group>";
		};
		F8584EC326671F8A00DB690C /* Fonts */ = {
			isa = PBXGroup;
			children = (
				F8584ED8266774CB00DB690C /* NanumMyeongjo */,
			);
			path = Fonts;
			sourceTree = "<group>";
		};
		F8584ED8266774CB00DB690C /* NanumMyeongjo */ = {
			isa = PBXGroup;
			children = (
				F8584ED6266725C800DB690C /* NanumMyeongjo-Regular.ttf */,
				F8584ECB2667203B00DB690C /* NanumMyeongjo-Bold.ttf */,
				F8584ECA2667203A00DB690C /* NanumMyeongjo-ExtraBold.ttf */,
			);
			path = NanumMyeongjo;
			sourceTree = "<group>";
		};
		F8BD26AE265EAECF00E6AD2F = {
			isa = PBXGroup;
			children = (
				F8BD26B9265EAECF00E6AD2F /* PenCake-iOS-CloneCoding */,
				F8BD26B8265EAECF00E6AD2F /* Products */,
				E2230BB4F32F74AACB8035FE /* Pods */,
				4AAAFF64F534C884F8006F06 /* Frameworks */,
			);
			sourceTree = "<group>";
		};
		F8BD26B8265EAECF00E6AD2F /* Products */ = {
			isa = PBXGroup;
			children = (
				F8BD26B7265EAECF00E6AD2F /* PenCake-iOS-CloneCoding.app */,
			);
			name = Products;
			sourceTree = "<group>";
		};
		F8BD26B9265EAECF00E6AD2F /* PenCake-iOS-CloneCoding */ = {
			isa = PBXGroup;
			children = (
				F8BD26C8265EAED000E6AD2F /* Info.plist */,
				F8BD26CF265EB9B700E6AD2F /* Source */,
				F8BD26CE265EB9AB00E6AD2F /* Resource */,
			);
			path = "PenCake-iOS-CloneCoding";
			sourceTree = "<group>";
		};
		F8BD26CE265EB9AB00E6AD2F /* Resource */ = {
			isa = PBXGroup;
			children = (
				F8584EC326671F8A00DB690C /* Fonts */,
				F8BD26C3265EAED000E6AD2F /* Assets.xcassets */,
				F8BD26D1265EB9C600E6AD2F /* Stroyboards */,
			);
			path = Resource;
			sourceTree = "<group>";
		};
		F8BD26CF265EB9B700E6AD2F /* Source */ = {
			isa = PBXGroup;
			children = (
				F8BD26BA265EAECF00E6AD2F /* AppDelegate.swift */,
				F8BD26BC265EAECF00E6AD2F /* SceneDelegate.swift */,
				F8BD26D5265EBB5000E6AD2F /* Extension */,
				F8BD26D8265EBB6500E6AD2F /* Models */,
				F8BD26D2265EB9D700E6AD2F /* Cells */,
				F8BD26D0265EB9C000E6AD2F /* VCs */,
				F8ABFFD226635C6100237666 /* PersistenceManager.swift */,
			);
			path = Source;
			sourceTree = "<group>";
		};
		F8BD26D0265EB9C000E6AD2F /* VCs */ = {
			isa = PBXGroup;
			children = (
				F8BD26BE265EAECF00E6AD2F /* MainViewController.swift */,
				F8ABFFDC2663927600237666 /* SetStoryModalVC.swift */,
				F8ABFFDE2663B55000237666 /* StoryCellDetailVC.swift */,
				F8584EBD26660CAA00DB690C /* MainPageVC.swift */,
				F8584EBF26660D3100DB690C /* AddVC.swift */,
				F8584EDB26677B1300DB690C /* SetStoryTitleModalVC.swift */,
				F83CF2A8266A0394004538F0 /* AddStoryTitleVC.swift */,
				F83CF2AA266A0729004538F0 /* AddStorySubtitleVC.swift */,
			);
			path = VCs;
			sourceTree = "<group>";
		};
		F8BD26D1265EB9C600E6AD2F /* Stroyboards */ = {
			isa = PBXGroup;
			children = (
				F8BD26C0265EAECF00E6AD2F /* Main.storyboard */,
				F8BD26C5265EAED000E6AD2F /* LaunchScreen.storyboard */,
				F8ABFFDA2663925400237666 /* SetStoryModal.storyboard */,
				F8ABFFE02663B56400237666 /* StoryCellDetail.storyboard */,
				F8584ED926677A1C00DB690C /* SetStoryTitleModal.storyboard */,
				F83CF2A6266A0381004538F0 /* AddStoryTitleModal.storyboard */,
				F83CF2AC266A0797004538F0 /* AddStorySubtitleModal.storyboard */,
			);
			path = Stroyboards;
			sourceTree = "<group>";
		};
		F8BD26D2265EB9D700E6AD2F /* Cells */ = {
			isa = PBXGroup;
			children = (
				F8ABFFD626638EA100237666 /* StoryTVC.swift */,
				F8ABFFD726638EA100237666 /* StoryTVC.xib */,
			);
			path = Cells;
			sourceTree = "<group>";
		};
		F8BD26D5265EBB5000E6AD2F /* Extension */ = {
			isa = PBXGroup;
			children = (
				F8584EC1266691A000DB690C /* UIViewController+makeAlert.swift */,
				F8584ED4266724AB00DB690C /* UIFont.swift */,
			);
			path = Extension;
			sourceTree = "<group>";
		};
		F8BD26D8265EBB6500E6AD2F /* Models */ = {
			isa = PBXGroup;
			children = (
				F88B5E29265F634F002F1A90 /* Model.xcdatamodeld */,
				F8BD26D9265EBB6D00E6AD2F /* Story.swift */,
				F885AFFF266FA5E100118B1B /* List.swift */,
			);
			path = Models;
			sourceTree = "<group>";
		};
/* End PBXGroup section */

/* Begin PBXNativeTarget section */
		F8BD26B6265EAECF00E6AD2F /* PenCake-iOS-CloneCoding */ = {
			isa = PBXNativeTarget;
			buildConfigurationList = F8BD26CB265EAED000E6AD2F /* Build configuration list for PBXNativeTarget "PenCake-iOS-CloneCoding" */;
			buildPhases = (
				C36E6EE05B1284A279FC54AD /* [CP] Check Pods Manifest.lock */,
				F8BD26B3265EAECF00E6AD2F /* Sources */,
				F8BD26B4265EAECF00E6AD2F /* Frameworks */,
				F8BD26B5265EAECF00E6AD2F /* Resources */,
				93D682B5E528EF36D295CB6E /* [CP] Embed Pods Frameworks */,
			);
			buildRules = (
			);
			dependencies = (
			);
			name = "PenCake-iOS-CloneCoding";
			productName = "PenCake-iOS-CloneCoding";
			productReference = F8BD26B7265EAECF00E6AD2F /* PenCake-iOS-CloneCoding.app */;
			productType = "com.apple.product-type.application";
		};
/* End PBXNativeTarget section */

/* Begin PBXProject section */
		F8BD26AF265EAECF00E6AD2F /* Project object */ = {
			isa = PBXProject;
			attributes = {
				LastSwiftUpdateCheck = 1250;
				LastUpgradeCheck = 1250;
				TargetAttributes = {
					F8BD26B6265EAECF00E6AD2F = {
						CreatedOnToolsVersion = 12.5;
					};
				};
			};
			buildConfigurationList = F8BD26B2265EAECF00E6AD2F /* Build configuration list for PBXProject "PenCake-iOS-CloneCoding" */;
			compatibilityVersion = "Xcode 9.3";
			developmentRegion = en;
			hasScannedForEncodings = 0;
			knownRegions = (
				en,
				Base,
			);
			mainGroup = F8BD26AE265EAECF00E6AD2F;
			productRefGroup = F8BD26B8265EAECF00E6AD2F /* Products */;
			projectDirPath = "";
			projectRoot = "";
			targets = (
				F8BD26B6265EAECF00E6AD2F /* PenCake-iOS-CloneCoding */,
			);
		};
/* End PBXProject section */

/* Begin PBXResourcesBuildPhase section */
		F8BD26B5265EAECF00E6AD2F /* Resources */ = {
			isa = PBXResourcesBuildPhase;
			buildActionMask = 2147483647;
			files = (
				F8584ECD2667203B00DB690C /* NanumMyeongjo-ExtraBold.ttf in Resources */,
				F8ABFFDB2663925400237666 /* SetStoryModal.storyboard in Resources */,
				F83CF2A7266A0381004538F0 /* AddStoryTitleModal.storyboard in Resources */,
				F8BD26C7265EAED000E6AD2F /* LaunchScreen.storyboard in Resources */,
				F8BD26C4265EAED000E6AD2F /* Assets.xcassets in Resources */,
				F8584EDA26677A1C00DB690C /* SetStoryTitleModal.storyboard in Resources */,
				F8ABFFE12663B56400237666 /* StoryCellDetail.storyboard in Resources */,
				F8BD26C2265EAECF00E6AD2F /* Main.storyboard in Resources */,
				F83CF2AD266A0797004538F0 /* AddStorySubtitleModal.storyboard in Resources */,
				F8ABFFD926638EA100237666 /* StoryTVC.xib in Resources */,
				F8584ED7266725C800DB690C /* NanumMyeongjo-Regular.ttf in Resources */,
				F8584ECE2667203B00DB690C /* NanumMyeongjo-Bold.ttf in Resources */,
			);
			runOnlyForDeploymentPostprocessing = 0;
		};
/* End PBXResourcesBuildPhase section */

/* Begin PBXShellScriptBuildPhase section */
		93D682B5E528EF36D295CB6E /* [CP] Embed Pods Frameworks */ = {
			isa = PBXShellScriptBuildPhase;
			buildActionMask = 2147483647;
			files = (
			);
			inputFileListPaths = (
				"${PODS_ROOT}/Target Support Files/Pods-PenCake-iOS-CloneCoding/Pods-PenCake-iOS-CloneCoding-frameworks-${CONFIGURATION}-input-files.xcfilelist",
			);
			name = "[CP] Embed Pods Frameworks";
			outputFileListPaths = (
				"${PODS_ROOT}/Target Support Files/Pods-PenCake-iOS-CloneCoding/Pods-PenCake-iOS-CloneCoding-frameworks-${CONFIGURATION}-output-files.xcfilelist",
			);
			runOnlyForDeploymentPostprocessing = 0;
			shellPath = /bin/sh;
			shellScript = "\"${PODS_ROOT}/Target Support Files/Pods-PenCake-iOS-CloneCoding/Pods-PenCake-iOS-CloneCoding-frameworks.sh\"\n";
			showEnvVarsInLog = 0;
		};
		C36E6EE05B1284A279FC54AD /* [CP] Check Pods Manifest.lock */ = {
			isa = PBXShellScriptBuildPhase;
			buildActionMask = 2147483647;
			files = (
			);
			inputFileListPaths = (
			);
			inputPaths = (
				"${PODS_PODFILE_DIR_PATH}/Podfile.lock",
				"${PODS_ROOT}/Manifest.lock",
			);
			name = "[CP] Check Pods Manifest.lock";
			outputFileListPaths = (
			);
			outputPaths = (
				"$(DERIVED_FILE_DIR)/Pods-PenCake-iOS-CloneCoding-checkManifestLockResult.txt",
			);
			runOnlyForDeploymentPostprocessing = 0;
			shellPath = /bin/sh;
			shellScript = "diff \"${PODS_PODFILE_DIR_PATH}/Podfile.lock\" \"${PODS_ROOT}/Manifest.lock\" > /dev/null\nif [ $? != 0 ] ; then\n    # print error to STDERR\n    echo \"error: The sandbox is not in sync with the Podfile.lock. Run 'pod install' or update your CocoaPods installation.\" >&2\n    exit 1\nfi\n# This output is used by Xcode 'outputs' to avoid re-running this script phase.\necho \"SUCCESS\" > \"${SCRIPT_OUTPUT_FILE_0}\"\n";
			showEnvVarsInLog = 0;
		};
/* End PBXShellScriptBuildPhase section */

/* Begin PBXSourcesBuildPhase section */
		F8BD26B3265EAECF00E6AD2F /* Sources */ = {
			isa = PBXSourcesBuildPhase;
			buildActionMask = 2147483647;
			files = (
				F8584EC026660D3100DB690C /* AddVC.swift in Sources */,
				F83CF2A9266A0394004538F0 /* AddStoryTitleVC.swift in Sources */,
				F83CF2AB266A0729004538F0 /* AddStorySubtitleVC.swift in Sources */,
				F885B000266FA5E100118B1B /* List.swift in Sources */,
				F8BD26BF265EAECF00E6AD2F /* MainViewController.swift in Sources */,
				F8584EDC26677B1400DB690C /* SetStoryTitleModalVC.swift in Sources */,
				F8584ED5266724AB00DB690C /* UIFont.swift in Sources */,
				F8ABFFDF2663B55000237666 /* StoryCellDetailVC.swift in Sources */,
				F8584EC2266691A000DB690C /* UIViewController+makeAlert.swift in Sources */,
				F8ABFFDD2663927600237666 /* SetStoryModalVC.swift in Sources */,
				F8ABFFD326635C6100237666 /* PersistenceManager.swift in Sources */,
				F8BD26BB265EAECF00E6AD2F /* AppDelegate.swift in Sources */,
				F8ABFFD826638EA100237666 /* StoryTVC.swift in Sources */,
				F88B5E2B265F634F002F1A90 /* Model.xcdatamodeld in Sources */,
				F8584EBE26660CAA00DB690C /* MainPageVC.swift in Sources */,
				F8BD26DA265EBB6D00E6AD2F /* Story.swift in Sources */,
				F8BD26BD265EAECF00E6AD2F /* SceneDelegate.swift in Sources */,
			);
			runOnlyForDeploymentPostprocessing = 0;
		};
/* End PBXSourcesBuildPhase section */

/* Begin PBXVariantGroup section */
		F8BD26C0265EAECF00E6AD2F /* Main.storyboard */ = {
			isa = PBXVariantGroup;
			children = (
				F8BD26C1265EAECF00E6AD2F /* Base */,
			);
			name = Main.storyboard;
			sourceTree = "<group>";
		};
		F8BD26C5265EAED000E6AD2F /* LaunchScreen.storyboard */ = {
			isa = PBXVariantGroup;
			children = (
				F8BD26C6265EAED000E6AD2F /* Base */,
			);
			name = LaunchScreen.storyboard;
			sourceTree = "<group>";
		};
/* End PBXVariantGroup section */

/* Begin XCBuildConfiguration section */
		F8BD26C9265EAED000E6AD2F /* Debug */ = {
			isa = XCBuildConfiguration;
			buildSettings = {
				ALWAYS_SEARCH_USER_PATHS = NO;
				CLANG_ANALYZER_NONNULL = YES;
				CLANG_ANALYZER_NUMBER_OBJECT_CONVERSION = YES_AGGRESSIVE;
				CLANG_CXX_LANGUAGE_STANDARD = "gnu++14";
				CLANG_CXX_LIBRARY = "libc++";
				CLANG_ENABLE_MODULES = YES;
				CLANG_ENABLE_OBJC_ARC = YES;
				CLANG_ENABLE_OBJC_WEAK = YES;
				CLANG_WARN_BLOCK_CAPTURE_AUTORELEASING = YES;
				CLANG_WARN_BOOL_CONVERSION = YES;
				CLANG_WARN_COMMA = YES;
				CLANG_WARN_CONSTANT_CONVERSION = YES;
				CLANG_WARN_DEPRECATED_OBJC_IMPLEMENTATIONS = YES;
				CLANG_WARN_DIRECT_OBJC_ISA_USAGE = YES_ERROR;
				CLANG_WARN_DOCUMENTATION_COMMENTS = YES;
				CLANG_WARN_EMPTY_BODY = YES;
				CLANG_WARN_ENUM_CONVERSION = YES;
				CLANG_WARN_INFINITE_RECURSION = YES;
				CLANG_WARN_INT_CONVERSION = YES;
				CLANG_WARN_NON_LITERAL_NULL_CONVERSION = YES;
				CLANG_WARN_OBJC_IMPLICIT_RETAIN_SELF = YES;
				CLANG_WARN_OBJC_LITERAL_CONVERSION = YES;
				CLANG_WARN_OBJC_ROOT_CLASS = YES_ERROR;
				CLANG_WARN_QUOTED_INCLUDE_IN_FRAMEWORK_HEADER = YES;
				CLANG_WARN_RANGE_LOOP_ANALYSIS = YES;
				CLANG_WARN_STRICT_PROTOTYPES = YES;
				CLANG_WARN_SUSPICIOUS_MOVE = YES;
				CLANG_WARN_UNGUARDED_AVAILABILITY = YES_AGGRESSIVE;
				CLANG_WARN_UNREACHABLE_CODE = YES;
				CLANG_WARN__DUPLICATE_METHOD_MATCH = YES;
				COPY_PHASE_STRIP = NO;
				DEBUG_INFORMATION_FORMAT = dwarf;
				ENABLE_STRICT_OBJC_MSGSEND = YES;
				ENABLE_TESTABILITY = YES;
				GCC_C_LANGUAGE_STANDARD = gnu11;
				GCC_DYNAMIC_NO_PIC = NO;
				GCC_NO_COMMON_BLOCKS = YES;
				GCC_OPTIMIZATION_LEVEL = 0;
				GCC_PREPROCESSOR_DEFINITIONS = (
					"DEBUG=1",
					"$(inherited)",
				);
				GCC_WARN_64_TO_32_BIT_CONVERSION = YES;
				GCC_WARN_ABOUT_RETURN_TYPE = YES_ERROR;
				GCC_WARN_UNDECLARED_SELECTOR = YES;
				GCC_WARN_UNINITIALIZED_AUTOS = YES_AGGRESSIVE;
				GCC_WARN_UNUSED_FUNCTION = YES;
				GCC_WARN_UNUSED_VARIABLE = YES;
				IPHONEOS_DEPLOYMENT_TARGET = 14.5;
				MTL_ENABLE_DEBUG_INFO = INCLUDE_SOURCE;
				MTL_FAST_MATH = YES;
				ONLY_ACTIVE_ARCH = YES;
				SDKROOT = iphoneos;
				SWIFT_ACTIVE_COMPILATION_CONDITIONS = DEBUG;
				SWIFT_OPTIMIZATION_LEVEL = "-Onone";
			};
			name = Debug;
		};
		F8BD26CA265EAED000E6AD2F /* Release */ = {
			isa = XCBuildConfiguration;
			buildSettings = {
				ALWAYS_SEARCH_USER_PATHS = NO;
				CLANG_ANALYZER_NONNULL = YES;
				CLANG_ANALYZER_NUMBER_OBJECT_CONVERSION = YES_AGGRESSIVE;
				CLANG_CXX_LANGUAGE_STANDARD = "gnu++14";
				CLANG_CXX_LIBRARY = "libc++";
				CLANG_ENABLE_MODULES = YES;
				CLANG_ENABLE_OBJC_ARC = YES;
				CLANG_ENABLE_OBJC_WEAK = YES;
				CLANG_WARN_BLOCK_CAPTURE_AUTORELEASING = YES;
				CLANG_WARN_BOOL_CONVERSION = YES;
				CLANG_WARN_COMMA = YES;
				CLANG_WARN_CONSTANT_CONVERSION = YES;
				CLANG_WARN_DEPRECATED_OBJC_IMPLEMENTATIONS = YES;
				CLANG_WARN_DIRECT_OBJC_ISA_USAGE = YES_ERROR;
				CLANG_WARN_DOCUMENTATION_COMMENTS = YES;
				CLANG_WARN_EMPTY_BODY = YES;
				CLANG_WARN_ENUM_CONVERSION = YES;
				CLANG_WARN_INFINITE_RECURSION = YES;
				CLANG_WARN_INT_CONVERSION = YES;
				CLANG_WARN_NON_LITERAL_NULL_CONVERSION = YES;
				CLANG_WARN_OBJC_IMPLICIT_RETAIN_SELF = YES;
				CLANG_WARN_OBJC_LITERAL_CONVERSION = YES;
				CLANG_WARN_OBJC_ROOT_CLASS = YES_ERROR;
				CLANG_WARN_QUOTED_INCLUDE_IN_FRAMEWORK_HEADER = YES;
				CLANG_WARN_RANGE_LOOP_ANALYSIS = YES;
				CLANG_WARN_STRICT_PROTOTYPES = YES;
				CLANG_WARN_SUSPICIOUS_MOVE = YES;
				CLANG_WARN_UNGUARDED_AVAILABILITY = YES_AGGRESSIVE;
				CLANG_WARN_UNREACHABLE_CODE = YES;
				CLANG_WARN__DUPLICATE_METHOD_MATCH = YES;
				COPY_PHASE_STRIP = NO;
				DEBUG_INFORMATION_FORMAT = "dwarf-with-dsym";
				ENABLE_NS_ASSERTIONS = NO;
				ENABLE_STRICT_OBJC_MSGSEND = YES;
				GCC_C_LANGUAGE_STANDARD = gnu11;
				GCC_NO_COMMON_BLOCKS = YES;
				GCC_WARN_64_TO_32_BIT_CONVERSION = YES;
				GCC_WARN_ABOUT_RETURN_TYPE = YES_ERROR;
				GCC_WARN_UNDECLARED_SELECTOR = YES;
				GCC_WARN_UNINITIALIZED_AUTOS = YES_AGGRESSIVE;
				GCC_WARN_UNUSED_FUNCTION = YES;
				GCC_WARN_UNUSED_VARIABLE = YES;
				IPHONEOS_DEPLOYMENT_TARGET = 14.5;
				MTL_ENABLE_DEBUG_INFO = NO;
				MTL_FAST_MATH = YES;
				SDKROOT = iphoneos;
				SWIFT_COMPILATION_MODE = wholemodule;
				SWIFT_OPTIMIZATION_LEVEL = "-O";
				VALIDATE_PRODUCT = YES;
			};
			name = Release;
		};
		F8BD26CC265EAED000E6AD2F /* Debug */ = {
			isa = XCBuildConfiguration;
			baseConfigurationReference = 3300109E04CE394234F89AF1 /* Pods-PenCake-iOS-CloneCoding.debug.xcconfig */;
			buildSettings = {
				ASSETCATALOG_COMPILER_APPICON_NAME = AppIcon;
				ASSETCATALOG_COMPILER_GLOBAL_ACCENT_COLOR_NAME = AccentColor;
				CODE_SIGN_STYLE = Automatic;
				DEVELOPMENT_TEAM = T8C9SSEX5G;
				INFOPLIST_FILE = "PenCake-iOS-CloneCoding/Info.plist";
				LD_RUNPATH_SEARCH_PATHS = (
					"$(inherited)",
					"@executable_path/Frameworks",
				);
				PRODUCT_BUNDLE_IDENTIFIER = "hyun99999.PenCake-iOS-CloneCoding";
				PRODUCT_NAME = "$(TARGET_NAME)";
				SWIFT_VERSION = 5.0;
				TARGETED_DEVICE_FAMILY = 1;
			};
			name = Debug;
		};
		F8BD26CD265EAED000E6AD2F /* Release */ = {
			isa = XCBuildConfiguration;
			baseConfigurationReference = 3B3954835DB2E121942F9598 /* Pods-PenCake-iOS-CloneCoding.release.xcconfig */;
			buildSettings = {
				ASSETCATALOG_COMPILER_APPICON_NAME = AppIcon;
				ASSETCATALOG_COMPILER_GLOBAL_ACCENT_COLOR_NAME = AccentColor;
				CODE_SIGN_STYLE = Automatic;
				DEVELOPMENT_TEAM = T8C9SSEX5G;
				INFOPLIST_FILE = "PenCake-iOS-CloneCoding/Info.plist";
				LD_RUNPATH_SEARCH_PATHS = (
					"$(inherited)",
					"@executable_path/Frameworks",
				);
				PRODUCT_BUNDLE_IDENTIFIER = "hyun99999.PenCake-iOS-CloneCoding";
				PRODUCT_NAME = "$(TARGET_NAME)";
				SWIFT_VERSION = 5.0;
				TARGETED_DEVICE_FAMILY = 1;
			};
			name = Release;
		};
/* End XCBuildConfiguration section */

/* Begin XCConfigurationList section */
		F8BD26B2265EAECF00E6AD2F /* Build configuration list for PBXProject "PenCake-iOS-CloneCoding" */ = {
			isa = XCConfigurationList;
			buildConfigurations = (
				F8BD26C9265EAED000E6AD2F /* Debug */,
				F8BD26CA265EAED000E6AD2F /* Release */,
			);
			defaultConfigurationIsVisible = 0;
			defaultConfigurationName = Release;
		};
		F8BD26CB265EAED000E6AD2F /* Build configuration list for PBXNativeTarget "PenCake-iOS-CloneCoding" */ = {
			isa = XCConfigurationList;
			buildConfigurations = (
				F8BD26CC265EAED000E6AD2F /* Debug */,
				F8BD26CD265EAED000E6AD2F /* Release */,
			);
			defaultConfigurationIsVisible = 0;
			defaultConfigurationName = Release;
		};
/* End XCConfigurationList section */

/* Begin XCVersionGroup section */
		F88B5E29265F634F002F1A90 /* Model.xcdatamodeld */ = {
			isa = XCVersionGroup;
			children = (
				F88B5E2A265F634F002F1A90 /* Model.xcdatamodel */,
			);
			currentVersion = F88B5E2A265F634F002F1A90 /* Model.xcdatamodel */;
			path = Model.xcdatamodeld;
			sourceTree = "<group>";
			versionGroupType = wrapper.xcdatamodel;
		};
/* End XCVersionGroup section */
	};
	rootObject = F8BD26AF265EAECF00E6AD2F /* Project object */;
}
