// !$*UTF8*$!
{
	archiveVersion = 1;
	classes = {
	};
	objectVersion = 51;
	objects = {

/* Begin PBXBuildFile section */
		34C5F9FE827AB579B0657423 /* Pods_CGV_iOS_ColneCoding.framework in Frameworks */ = {isa = PBXBuildFile; fileRef = F69702BF734739FE7A6E9AC2 /* Pods_CGV_iOS_ColneCoding.framework */; };
		F85649202646D9B1003C0EC6 /* AppDelegate.swift in Sources */ = {isa = PBXBuildFile; fileRef = F856491F2646D9B1003C0EC6 /* AppDelegate.swift */; };
		F85649222646D9B1003C0EC6 /* SceneDelegate.swift in Sources */ = {isa = PBXBuildFile; fileRef = F85649212646D9B1003C0EC6 /* SceneDelegate.swift */; };
		F85649242646D9B1003C0EC6 /* MoreVC.swift in Sources */ = {isa = PBXBuildFile; fileRef = F85649232646D9B1003C0EC6 /* MoreVC.swift */; };
		F85649272646D9B1003C0EC6 /* Main.storyboard in Resources */ = {isa = PBXBuildFile; fileRef = F85649252646D9B1003C0EC6 /* Main.storyboard */; };
		F85649292646D9B2003C0EC6 /* Assets.xcassets in Resources */ = {isa = PBXBuildFile; fileRef = F85649282646D9B2003C0EC6 /* Assets.xcassets */; };
		F856492C2646D9B2003C0EC6 /* LaunchScreen.storyboard in Resources */ = {isa = PBXBuildFile; fileRef = F856492A2646D9B2003C0EC6 /* LaunchScreen.storyboard */; };
		F8B6838226540D0800E518BD /* MainVC.swift in Sources */ = {isa = PBXBuildFile; fileRef = F8B6838126540D0800E518BD /* MainVC.swift */; };
		F8C5EAF72648FE2B00D5AEF0 /* MovieCell.swift in Sources */ = {isa = PBXBuildFile; fileRef = F8C5EAF52648FE2B00D5AEF0 /* MovieCell.swift */; };
		F8C5EAF82648FE2B00D5AEF0 /* MovieCell.xib in Resources */ = {isa = PBXBuildFile; fileRef = F8C5EAF62648FE2B00D5AEF0 /* MovieCell.xib */; };
		F8D7BFB22647D56D00C0A29C /* GeneralAPI.swift in Sources */ = {isa = PBXBuildFile; fileRef = F8D7BFB12647D56D00C0A29C /* GeneralAPI.swift */; };
		F8D7BFBA2647DB2000C0A29C /* MovieService.swift in Sources */ = {isa = PBXBuildFile; fileRef = F8D7BFB92647DB2000C0A29C /* MovieService.swift */; };
		F8D7BFBD2647EE2800C0A29C /* MovieModel.swift in Sources */ = {isa = PBXBuildFile; fileRef = F8D7BFBC2647EE2800C0A29C /* MovieModel.swift */; };
		F8D7BFBF264819F700C0A29C /* MovieApi.swift in Sources */ = {isa = PBXBuildFile; fileRef = F8D7BFBE264819F700C0A29C /* MovieApi.swift */; };
/* End PBXBuildFile section */

/* Begin PBXFileReference section */
		16B7610825E1000C81EEE963 /* Pods-CGV-iOS-ColneCoding.release.xcconfig */ = {isa = PBXFileReference; includeInIndex = 1; lastKnownFileType = text.xcconfig; name = "Pods-CGV-iOS-ColneCoding.release.xcconfig"; path = "Target Support Files/Pods-CGV-iOS-ColneCoding/Pods-CGV-iOS-ColneCoding.release.xcconfig"; sourceTree = "<group>"; };
		4D1C4571EE1767B9FD90CF49 /* Pods-CGV-iOS-ColneCoding.debug.xcconfig */ = {isa = PBXFileReference; includeInIndex = 1; lastKnownFileType = text.xcconfig; name = "Pods-CGV-iOS-ColneCoding.debug.xcconfig"; path = "Target Support Files/Pods-CGV-iOS-ColneCoding/Pods-CGV-iOS-ColneCoding.debug.xcconfig"; sourceTree = "<group>"; };
		F69702BF734739FE7A6E9AC2 /* Pods_CGV_iOS_ColneCoding.framework */ = {isa = PBXFileReference; explicitFileType = wrapper.framework; includeInIndex = 0; path = Pods_CGV_iOS_ColneCoding.framework; sourceTree = BUILT_PRODUCTS_DIR; };
		F856491C2646D9B1003C0EC6 /* CGV-iOS-ColneCoding.app */ = {isa = PBXFileReference; explicitFileType = wrapper.application; includeInIndex = 0; path = "CGV-iOS-ColneCoding.app"; sourceTree = BUILT_PRODUCTS_DIR; };
		F856491F2646D9B1003C0EC6 /* AppDelegate.swift */ = {isa = PBXFileReference; lastKnownFileType = sourcecode.swift; path = AppDelegate.swift; sourceTree = "<group>"; };
		F85649212646D9B1003C0EC6 /* SceneDelegate.swift */ = {isa = PBXFileReference; lastKnownFileType = sourcecode.swift; path = SceneDelegate.swift; sourceTree = "<group>"; };
		F85649232646D9B1003C0EC6 /* MoreVC.swift */ = {isa = PBXFileReference; lastKnownFileType = sourcecode.swift; path = MoreVC.swift; sourceTree = "<group>"; };
		F85649262646D9B1003C0EC6 /* Base */ = {isa = PBXFileReference; lastKnownFileType = file.storyboard; name = Base; path = Base.lproj/Main.storyboard; sourceTree = "<group>"; };
		F85649282646D9B2003C0EC6 /* Assets.xcassets */ = {isa = PBXFileReference; lastKnownFileType = folder.assetcatalog; path = Assets.xcassets; sourceTree = "<group>"; };
		F856492B2646D9B2003C0EC6 /* Base */ = {isa = PBXFileReference; lastKnownFileType = file.storyboard; name = Base; path = Base.lproj/LaunchScreen.storyboard; sourceTree = "<group>"; };
		F856492D2646D9B2003C0EC6 /* Info.plist */ = {isa = PBXFileReference; lastKnownFileType = text.plist.xml; path = Info.plist; sourceTree = "<group>"; };
		F8B6838126540D0800E518BD /* MainVC.swift */ = {isa = PBXFileReference; lastKnownFileType = sourcecode.swift; path = MainVC.swift; sourceTree = "<group>"; };
		F8C5EAF52648FE2B00D5AEF0 /* MovieCell.swift */ = {isa = PBXFileReference; lastKnownFileType = sourcecode.swift; path = MovieCell.swift; sourceTree = "<group>"; };
		F8C5EAF62648FE2B00D5AEF0 /* MovieCell.xib */ = {isa = PBXFileReference; lastKnownFileType = file.xib; path = MovieCell.xib; sourceTree = "<group>"; };
		F8D7BFB12647D56D00C0A29C /* GeneralAPI.swift */ = {isa = PBXFileReference; lastKnownFileType = sourcecode.swift; path = GeneralAPI.swift; sourceTree = "<group>"; };
		F8D7BFB92647DB2000C0A29C /* MovieService.swift */ = {isa = PBXFileReference; lastKnownFileType = sourcecode.swift; path = MovieService.swift; sourceTree = "<group>"; };
		F8D7BFBC2647EE2800C0A29C /* MovieModel.swift */ = {isa = PBXFileReference; lastKnownFileType = sourcecode.swift; path = MovieModel.swift; sourceTree = "<group>"; };
		F8D7BFBE264819F700C0A29C /* MovieApi.swift */ = {isa = PBXFileReference; lastKnownFileType = sourcecode.swift; path = MovieApi.swift; sourceTree = "<group>"; };
/* End PBXFileReference section */

/* Begin PBXFrameworksBuildPhase section */
		F85649192646D9B1003C0EC6 /* Frameworks */ = {
			isa = PBXFrameworksBuildPhase;
			buildActionMask = 2147483647;
			files = (
				34C5F9FE827AB579B0657423 /* Pods_CGV_iOS_ColneCoding.framework in Frameworks */,
			);
			runOnlyForDeploymentPostprocessing = 0;
		};
/* End PBXFrameworksBuildPhase section */

/* Begin PBXGroup section */
		63CC60DD7D592ABCC73D5D94 /* Frameworks */ = {
			isa = PBXGroup;
			children = (
				F69702BF734739FE7A6E9AC2 /* Pods_CGV_iOS_ColneCoding.framework */,
			);
			name = Frameworks;
			sourceTree = "<group>";
		};
		C999D360598ADD77D4387A39 /* Pods */ = {
			isa = PBXGroup;
			children = (
				4D1C4571EE1767B9FD90CF49 /* Pods-CGV-iOS-ColneCoding.debug.xcconfig */,
				16B7610825E1000C81EEE963 /* Pods-CGV-iOS-ColneCoding.release.xcconfig */,
			);
			path = Pods;
			sourceTree = "<group>";
		};
		F85649132646D9B1003C0EC6 = {
			isa = PBXGroup;
			children = (
				F856491E2646D9B1003C0EC6 /* CGV-iOS-ColneCoding */,
				F856491D2646D9B1003C0EC6 /* Products */,
				C999D360598ADD77D4387A39 /* Pods */,
				63CC60DD7D592ABCC73D5D94 /* Frameworks */,
			);
			sourceTree = "<group>";
		};
		F856491D2646D9B1003C0EC6 /* Products */ = {
			isa = PBXGroup;
			children = (
				F856491C2646D9B1003C0EC6 /* CGV-iOS-ColneCoding.app */,
			);
			name = Products;
			sourceTree = "<group>";
		};
		F856491E2646D9B1003C0EC6 /* CGV-iOS-ColneCoding */ = {
			isa = PBXGroup;
			children = (
				F8D7BFB62647D87B00C0A29C /* Source */,
				F8D7BFB52647D87600C0A29C /* Resource */,
				F85649282646D9B2003C0EC6 /* Assets.xcassets */,
				F856492D2646D9B2003C0EC6 /* Info.plist */,
			);
			path = "CGV-iOS-ColneCoding";
			sourceTree = "<group>";
		};
		F890F9F6264BBBC6003A2800 /* Extensions */ = {
			isa = PBXGroup;
			children = (
			);
			path = Extensions;
			sourceTree = "<group>";
		};
		F8C5EAF42648FE0900D5AEF0 /* Cells */ = {
			isa = PBXGroup;
			children = (
				F8C5EAF52648FE2B00D5AEF0 /* MovieCell.swift */,
				F8C5EAF62648FE2B00D5AEF0 /* MovieCell.xib */,
			);
			path = Cells;
			sourceTree = "<group>";
		};
		F8D7BFB02647CA0800C0A29C /* Constants */ = {
			isa = PBXGroup;
			children = (
				F8D7BFB12647D56D00C0A29C /* GeneralAPI.swift */,
			);
			path = Constants;
			sourceTree = "<group>";
		};
		F8D7BFB32647D5EA00C0A29C /* Services */ = {
			isa = PBXGroup;
			children = (
				F8D7BFB92647DB2000C0A29C /* MovieService.swift */,
			);
			path = Services;
			sourceTree = "<group>";
		};
		F8D7BFB42647D87000C0A29C /* Network */ = {
			isa = PBXGroup;
			children = (
				F8D7BFB32647D5EA00C0A29C /* Services */,
				F8D7BFBE264819F700C0A29C /* MovieApi.swift */,
			);
			path = Network;
			sourceTree = "<group>";
		};
		F8D7BFB52647D87600C0A29C /* Resource */ = {
			isa = PBXGroup;
			children = (
				F8D7BFB82647D8B900C0A29C /* Storyboards */,
			);
			path = Resource;
			sourceTree = "<group>";
		};
		F8D7BFB62647D87B00C0A29C /* Source */ = {
			isa = PBXGroup;
			children = (
				F890F9F6264BBBC6003A2800 /* Extensions */,
				F8C5EAF42648FE0900D5AEF0 /* Cells */,
				F8D7BFBB2647DB2B00C0A29C /* Model */,
				F856491F2646D9B1003C0EC6 /* AppDelegate.swift */,
				F85649212646D9B1003C0EC6 /* SceneDelegate.swift */,
				F8D7BFB72647D89100C0A29C /* VCs */,
				F8D7BFB02647CA0800C0A29C /* Constants */,
				F8D7BFB42647D87000C0A29C /* Network */,
			);
			path = Source;
			sourceTree = "<group>";
		};
		F8D7BFB72647D89100C0A29C /* VCs */ = {
			isa = PBXGroup;
			children = (
				F85649232646D9B1003C0EC6 /* MoreVC.swift */,
				F8B6838126540D0800E518BD /* MainVC.swift */,
			);
			path = VCs;
			sourceTree = "<group>";
		};
		F8D7BFB82647D8B900C0A29C /* Storyboards */ = {
			isa = PBXGroup;
			children = (
				F856492A2646D9B2003C0EC6 /* LaunchScreen.storyboard */,
				F85649252646D9B1003C0EC6 /* Main.storyboard */,
			);
			path = Storyboards;
			sourceTree = "<group>";
		};
		F8D7BFBB2647DB2B00C0A29C /* Model */ = {
			isa = PBXGroup;
			children = (
				F8D7BFBC2647EE2800C0A29C /* MovieModel.swift */,
			);
			path = Model;
			sourceTree = "<group>";
		};
/* End PBXGroup section */

/* Begin PBXNativeTarget section */
		F856491B2646D9B1003C0EC6 /* CGV-iOS-ColneCoding */ = {
			isa = PBXNativeTarget;
			buildConfigurationList = F85649302646D9B2003C0EC6 /* Build configuration list for PBXNativeTarget "CGV-iOS-ColneCoding" */;
			buildPhases = (
				BA4810349DDC6F1AD50FB8C7 /* [CP] Check Pods Manifest.lock */,
				F85649182646D9B1003C0EC6 /* Sources */,
				F85649192646D9B1003C0EC6 /* Frameworks */,
				F856491A2646D9B1003C0EC6 /* Resources */,
				A2F53B7DA579971A77165309 /* [CP] Embed Pods Frameworks */,
			);
			buildRules = (
			);
			dependencies = (
			);
			name = "CGV-iOS-ColneCoding";
			productName = "CGV-iOS-ColneCoding";
			productReference = F856491C2646D9B1003C0EC6 /* CGV-iOS-ColneCoding.app */;
			productType = "com.apple.product-type.application";
		};
/* End PBXNativeTarget section */

/* Begin PBXProject section */
		F85649142646D9B1003C0EC6 /* Project object */ = {
			isa = PBXProject;
			attributes = {
				LastSwiftUpdateCheck = 1250;
				LastUpgradeCheck = 1250;
				TargetAttributes = {
					F856491B2646D9B1003C0EC6 = {
						CreatedOnToolsVersion = 12.5;
					};
				};
			};
			buildConfigurationList = F85649172646D9B1003C0EC6 /* Build configuration list for PBXProject "CGV-iOS-ColneCoding" */;
			compatibilityVersion = "Xcode 9.3";
			developmentRegion = en;
			hasScannedForEncodings = 0;
			knownRegions = (
				en,
				Base,
			);
			mainGroup = F85649132646D9B1003C0EC6;
			productRefGroup = F856491D2646D9B1003C0EC6 /* Products */;
			projectDirPath = "";
			projectRoot = "";
			targets = (
				F856491B2646D9B1003C0EC6 /* CGV-iOS-ColneCoding */,
			);
		};
/* End PBXProject section */

/* Begin PBXResourcesBuildPhase section */
		F856491A2646D9B1003C0EC6 /* Resources */ = {
			isa = PBXResourcesBuildPhase;
			buildActionMask = 2147483647;
			files = (
				F856492C2646D9B2003C0EC6 /* LaunchScreen.storyboard in Resources */,
				F85649292646D9B2003C0EC6 /* Assets.xcassets in Resources */,
				F8C5EAF82648FE2B00D5AEF0 /* MovieCell.xib in Resources */,
				F85649272646D9B1003C0EC6 /* Main.storyboard in Resources */,
			);
			runOnlyForDeploymentPostprocessing = 0;
		};
/* End PBXResourcesBuildPhase section */

/* Begin PBXShellScriptBuildPhase section */
		A2F53B7DA579971A77165309 /* [CP] Embed Pods Frameworks */ = {
			isa = PBXShellScriptBuildPhase;
			buildActionMask = 2147483647;
			files = (
			);
			inputFileListPaths = (
				"${PODS_ROOT}/Target Support Files/Pods-CGV-iOS-ColneCoding/Pods-CGV-iOS-ColneCoding-frameworks-${CONFIGURATION}-input-files.xcfilelist",
			);
			name = "[CP] Embed Pods Frameworks";
			outputFileListPaths = (
				"${PODS_ROOT}/Target Support Files/Pods-CGV-iOS-ColneCoding/Pods-CGV-iOS-ColneCoding-frameworks-${CONFIGURATION}-output-files.xcfilelist",
			);
			runOnlyForDeploymentPostprocessing = 0;
			shellPath = /bin/sh;
			shellScript = "\"${PODS_ROOT}/Target Support Files/Pods-CGV-iOS-ColneCoding/Pods-CGV-iOS-ColneCoding-frameworks.sh\"\n";
			showEnvVarsInLog = 0;
		};
		BA4810349DDC6F1AD50FB8C7 /* [CP] Check Pods Manifest.lock */ = {
			isa = PBXShellScriptBuildPhase;
			buildActionMask = 2147483647;
			files = (
			);
			inputFileListPaths = (
			);
			inputPaths = (
				"${PODS_PODFILE_DIR_PATH}/Podfile.lock",
				"${PODS_ROOT}/Manifest.lock",
			);
			name = "[CP] Check Pods Manifest.lock";
			outputFileListPaths = (
			);
			outputPaths = (
				"$(DERIVED_FILE_DIR)/Pods-CGV-iOS-ColneCoding-checkManifestLockResult.txt",
			);
			runOnlyForDeploymentPostprocessing = 0;
			shellPath = /bin/sh;
			shellScript = "diff \"${PODS_PODFILE_DIR_PATH}/Podfile.lock\" \"${PODS_ROOT}/Manifest.lock\" > /dev/null\nif [ $? != 0 ] ; then\n    # print error to STDERR\n    echo \"error: The sandbox is not in sync with the Podfile.lock. Run 'pod install' or update your CocoaPods installation.\" >&2\n    exit 1\nfi\n# This output is used by Xcode 'outputs' to avoid re-running this script phase.\necho \"SUCCESS\" > \"${SCRIPT_OUTPUT_FILE_0}\"\n";
			showEnvVarsInLog = 0;
		};
/* End PBXShellScriptBuildPhase section */

/* Begin PBXSourcesBuildPhase section */
		F85649182646D9B1003C0EC6 /* Sources */ = {
			isa = PBXSourcesBuildPhase;
			buildActionMask = 2147483647;
			files = (
				F8D7BFBD2647EE2800C0A29C /* MovieModel.swift in Sources */,
				F85649242646D9B1003C0EC6 /* MoreVC.swift in Sources */,
				F8C5EAF72648FE2B00D5AEF0 /* MovieCell.swift in Sources */,
				F85649202646D9B1003C0EC6 /* AppDelegate.swift in Sources */,
				F85649222646D9B1003C0EC6 /* SceneDelegate.swift in Sources */,
				F8D7BFBA2647DB2000C0A29C /* MovieService.swift in Sources */,
				F8D7BFB22647D56D00C0A29C /* GeneralAPI.swift in Sources */,
				F8D7BFBF264819F700C0A29C /* MovieApi.swift in Sources */,
				F8B6838226540D0800E518BD /* MainVC.swift in Sources */,
			);
			runOnlyForDeploymentPostprocessing = 0;
		};
/* End PBXSourcesBuildPhase section */

/* Begin PBXVariantGroup section */
		F85649252646D9B1003C0EC6 /* Main.storyboard */ = {
			isa = PBXVariantGroup;
			children = (
				F85649262646D9B1003C0EC6 /* Base */,
			);
			name = Main.storyboard;
			sourceTree = "<group>";
		};
		F856492A2646D9B2003C0EC6 /* LaunchScreen.storyboard */ = {
			isa = PBXVariantGroup;
			children = (
				F856492B2646D9B2003C0EC6 /* Base */,
			);
			name = LaunchScreen.storyboard;
			sourceTree = "<group>";
		};
/* End PBXVariantGroup section */

/* Begin XCBuildConfiguration section */
		F856492E2646D9B2003C0EC6 /* Debug */ = {
			isa = XCBuildConfiguration;
			buildSettings = {
				ALWAYS_SEARCH_USER_PATHS = NO;
				CLANG_ANALYZER_NONNULL = YES;
				CLANG_ANALYZER_NUMBER_OBJECT_CONVERSION = YES_AGGRESSIVE;
				CLANG_CXX_LANGUAGE_STANDARD = "gnu++14";
				CLANG_CXX_LIBRARY = "libc++";
				CLANG_ENABLE_MODULES = YES;
				CLANG_ENABLE_OBJC_ARC = YES;
				CLANG_ENABLE_OBJC_WEAK = YES;
				CLANG_WARN_BLOCK_CAPTURE_AUTORELEASING = YES;
				CLANG_WARN_BOOL_CONVERSION = YES;
				CLANG_WARN_COMMA = YES;
				CLANG_WARN_CONSTANT_CONVERSION = YES;
				CLANG_WARN_DEPRECATED_OBJC_IMPLEMENTATIONS = YES;
				CLANG_WARN_DIRECT_OBJC_ISA_USAGE = YES_ERROR;
				CLANG_WARN_DOCUMENTATION_COMMENTS = YES;
				CLANG_WARN_EMPTY_BODY = YES;
				CLANG_WARN_ENUM_CONVERSION = YES;
				CLANG_WARN_INFINITE_RECURSION = YES;
				CLANG_WARN_INT_CONVERSION = YES;
				CLANG_WARN_NON_LITERAL_NULL_CONVERSION = YES;
				CLANG_WARN_OBJC_IMPLICIT_RETAIN_SELF = YES;
				CLANG_WARN_OBJC_LITERAL_CONVERSION = YES;
				CLANG_WARN_OBJC_ROOT_CLASS = YES_ERROR;
				CLANG_WARN_QUOTED_INCLUDE_IN_FRAMEWORK_HEADER = YES;
				CLANG_WARN_RANGE_LOOP_ANALYSIS = YES;
				CLANG_WARN_STRICT_PROTOTYPES = YES;
				CLANG_WARN_SUSPICIOUS_MOVE = YES;
				CLANG_WARN_UNGUARDED_AVAILABILITY = YES_AGGRESSIVE;
				CLANG_WARN_UNREACHABLE_CODE = YES;
				CLANG_WARN__DUPLICATE_METHOD_MATCH = YES;
				COPY_PHASE_STRIP = NO;
				DEBUG_INFORMATION_FORMAT = dwarf;
				ENABLE_STRICT_OBJC_MSGSEND = YES;
				ENABLE_TESTABILITY = YES;
				GCC_C_LANGUAGE_STANDARD = gnu11;
				GCC_DYNAMIC_NO_PIC = NO;
				GCC_NO_COMMON_BLOCKS = YES;
				GCC_OPTIMIZATION_LEVEL = 0;
				GCC_PREPROCESSOR_DEFINITIONS = (
					"DEBUG=1",
					"$(inherited)",
				);
				GCC_WARN_64_TO_32_BIT_CONVERSION = YES;
				GCC_WARN_ABOUT_RETURN_TYPE = YES_ERROR;
				GCC_WARN_UNDECLARED_SELECTOR = YES;
				GCC_WARN_UNINITIALIZED_AUTOS = YES_AGGRESSIVE;
				GCC_WARN_UNUSED_FUNCTION = YES;
				GCC_WARN_UNUSED_VARIABLE = YES;
				IPHONEOS_DEPLOYMENT_TARGET = 14.1;
				MTL_ENABLE_DEBUG_INFO = INCLUDE_SOURCE;
				MTL_FAST_MATH = YES;
				ONLY_ACTIVE_ARCH = YES;
				SDKROOT = iphoneos;
				SWIFT_ACTIVE_COMPILATION_CONDITIONS = DEBUG;
				SWIFT_OPTIMIZATION_LEVEL = "-Onone";
			};
			name = Debug;
		};
		F856492F2646D9B2003C0EC6 /* Release */ = {
			isa = XCBuildConfiguration;
			buildSettings = {
				ALWAYS_SEARCH_USER_PATHS = NO;
				CLANG_ANALYZER_NONNULL = YES;
				CLANG_ANALYZER_NUMBER_OBJECT_CONVERSION = YES_AGGRESSIVE;
				CLANG_CXX_LANGUAGE_STANDARD = "gnu++14";
				CLANG_CXX_LIBRARY = "libc++";
				CLANG_ENABLE_MODULES = YES;
				CLANG_ENABLE_OBJC_ARC = YES;
				CLANG_ENABLE_OBJC_WEAK = YES;
				CLANG_WARN_BLOCK_CAPTURE_AUTORELEASING = YES;
				CLANG_WARN_BOOL_CONVERSION = YES;
				CLANG_WARN_COMMA = YES;
				CLANG_WARN_CONSTANT_CONVERSION = YES;
				CLANG_WARN_DEPRECATED_OBJC_IMPLEMENTATIONS = YES;
				CLANG_WARN_DIRECT_OBJC_ISA_USAGE = YES_ERROR;
				CLANG_WARN_DOCUMENTATION_COMMENTS = YES;
				CLANG_WARN_EMPTY_BODY = YES;
				CLANG_WARN_ENUM_CONVERSION = YES;
				CLANG_WARN_INFINITE_RECURSION = YES;
				CLANG_WARN_INT_CONVERSION = YES;
				CLANG_WARN_NON_LITERAL_NULL_CONVERSION = YES;
				CLANG_WARN_OBJC_IMPLICIT_RETAIN_SELF = YES;
				CLANG_WARN_OBJC_LITERAL_CONVERSION = YES;
				CLANG_WARN_OBJC_ROOT_CLASS = YES_ERROR;
				CLANG_WARN_QUOTED_INCLUDE_IN_FRAMEWORK_HEADER = YES;
				CLANG_WARN_RANGE_LOOP_ANALYSIS = YES;
				CLANG_WARN_STRICT_PROTOTYPES = YES;
				CLANG_WARN_SUSPICIOUS_MOVE = YES;
				CLANG_WARN_UNGUARDED_AVAILABILITY = YES_AGGRESSIVE;
				CLANG_WARN_UNREACHABLE_CODE = YES;
				CLANG_WARN__DUPLICATE_METHOD_MATCH = YES;
				COPY_PHASE_STRIP = NO;
				DEBUG_INFORMATION_FORMAT = "dwarf-with-dsym";
				ENABLE_NS_ASSERTIONS = NO;
				ENABLE_STRICT_OBJC_MSGSEND = YES;
				GCC_C_LANGUAGE_STANDARD = gnu11;
				GCC_NO_COMMON_BLOCKS = YES;
				GCC_WARN_64_TO_32_BIT_CONVERSION = YES;
				GCC_WARN_ABOUT_RETURN_TYPE = YES_ERROR;
				GCC_WARN_UNDECLARED_SELECTOR = YES;
				GCC_WARN_UNINITIALIZED_AUTOS = YES_AGGRESSIVE;
				GCC_WARN_UNUSED_FUNCTION = YES;
				GCC_WARN_UNUSED_VARIABLE = YES;
				IPHONEOS_DEPLOYMENT_TARGET = 14.1;
				MTL_ENABLE_DEBUG_INFO = NO;
				MTL_FAST_MATH = YES;
				SDKROOT = iphoneos;
				SWIFT_COMPILATION_MODE = wholemodule;
				SWIFT_OPTIMIZATION_LEVEL = "-O";
				VALIDATE_PRODUCT = YES;
			};
			name = Release;
		};
		F85649312646D9B2003C0EC6 /* Debug */ = {
			isa = XCBuildConfiguration;
			baseConfigurationReference = 4D1C4571EE1767B9FD90CF49 /* Pods-CGV-iOS-ColneCoding.debug.xcconfig */;
			buildSettings = {
				ASSETCATALOG_COMPILER_APPICON_NAME = AppIcon;
				ASSETCATALOG_COMPILER_GLOBAL_ACCENT_COLOR_NAME = AccentColor;
				CODE_SIGN_STYLE = Automatic;
				DEVELOPMENT_TEAM = T8C9SSEX5G;
				INFOPLIST_FILE = "CGV-iOS-ColneCoding/Info.plist";
				LD_RUNPATH_SEARCH_PATHS = (
					"$(inherited)",
					"@executable_path/Frameworks",
				);
				PRODUCT_BUNDLE_IDENTIFIER = "hyun99999.CGV-iOS-ColneCoding";
				PRODUCT_NAME = "$(TARGET_NAME)";
				SWIFT_VERSION = 5.0;
				TARGETED_DEVICE_FAMILY = 1;
			};
			name = Debug;
		};
		F85649322646D9B2003C0EC6 /* Release */ = {
			isa = XCBuildConfiguration;
			baseConfigurationReference = 16B7610825E1000C81EEE963 /* Pods-CGV-iOS-ColneCoding.release.xcconfig */;
			buildSettings = {
				ASSETCATALOG_COMPILER_APPICON_NAME = AppIcon;
				ASSETCATALOG_COMPILER_GLOBAL_ACCENT_COLOR_NAME = AccentColor;
				CODE_SIGN_STYLE = Automatic;
				DEVELOPMENT_TEAM = T8C9SSEX5G;
				INFOPLIST_FILE = "CGV-iOS-ColneCoding/Info.plist";
				LD_RUNPATH_SEARCH_PATHS = (
					"$(inherited)",
					"@executable_path/Frameworks",
				);
				PRODUCT_BUNDLE_IDENTIFIER = "hyun99999.CGV-iOS-ColneCoding";
				PRODUCT_NAME = "$(TARGET_NAME)";
				SWIFT_VERSION = 5.0;
				TARGETED_DEVICE_FAMILY = 1;
			};
			name = Release;
		};
/* End XCBuildConfiguration section */

/* Begin XCConfigurationList section */
		F85649172646D9B1003C0EC6 /* Build configuration list for PBXProject "CGV-iOS-ColneCoding" */ = {
			isa = XCConfigurationList;
			buildConfigurations = (
				F856492E2646D9B2003C0EC6 /* Debug */,
				F856492F2646D9B2003C0EC6 /* Release */,
			);
			defaultConfigurationIsVisible = 0;
			defaultConfigurationName = Release;
		};
		F85649302646D9B2003C0EC6 /* Build configuration list for PBXNativeTarget "CGV-iOS-ColneCoding" */ = {
			isa = XCConfigurationList;
			buildConfigurations = (
				F85649312646D9B2003C0EC6 /* Debug */,
				F85649322646D9B2003C0EC6 /* Release */,
			);
			defaultConfigurationIsVisible = 0;
			defaultConfigurationName = Release;
		};
/* End XCConfigurationList section */
	};
	rootObject = F85649142646D9B1003C0EC6 /* Project object */;
}
